
Microsoft Visual Studio Solution File, Format Version 12.00
# Visual Studio 15
Project("{FAE04EC0-301F-11D3-BF4B-00C04F79EFBC}") = "AR-Modelleisenbahn", "AR-Modelleisenbahn.csproj", "{7FC64628-2DD7-CC3B-08EA-45918A2AF82D}"
EndProject
Project("{FAE04EC0-301F-11D3-BF4B-00C04F79EFBC}") = "AR-Modelleisenbahn.Editor", "AR-Modelleisenbahn.Editor.csproj", "{E54111CA-DBA5-6A23-2ED1-7B9C04D11BF7}"
EndProject
Global
	GlobalSection(SolutionConfigurationPlatforms) = preSolution
		Debug|Any CPU = Debug|Any CPU
		Release|Any CPU = Release|Any CPU
	EndGlobalSection
	GlobalSection(ProjectConfigurationPlatforms) = postSolution
		{7FC64628-2DD7-CC3B-08EA-45918A2AF82D}.Debug|Any CPU.ActiveCfg = Debug|Any CPU
		{7FC64628-2DD7-CC3B-08EA-45918A2AF82D}.Debug|Any CPU.Build.0 = Debug|Any CPU
		{7FC64628-2DD7-CC3B-08EA-45918A2AF82D}.Release|Any CPU.ActiveCfg = Release|Any CPU
		{7FC64628-2DD7-CC3B-08EA-45918A2AF82D}.Release|Any CPU.Build.0 = Release|Any CPU
		{E54111CA-DBA5-6A23-2ED1-7B9C04D11BF7}.Debug|Any CPU.ActiveCfg = Debug|Any CPU
		{E54111CA-DBA5-6A23-2ED1-7B9C04D11BF7}.Debug|Any CPU.Build.0 = Debug|Any CPU
		{E54111CA-DBA5-6A23-2ED1-7B9C04D11BF7}.Release|Any CPU.ActiveCfg = Release|Any CPU
		{E54111CA-DBA5-6A23-2ED1-7B9C04D11BF7}.Release|Any CPU.Build.0 = Release|Any CPU
	EndGlobalSection
	GlobalSection(SolutionProperties) = preSolution
		HideSolutionNode = FALSE
	EndGlobalSection
EndGlobal
